
Microsoft Visual Studio Solution File, Format Version 12.00
# Visual Studio Version 17
VisualStudioVersion = 17.4.33205.214
MinimumVisualStudioVersion = 10.0.40219.1
Project("{FAE04EC0-301F-11D3-BF4B-00C04F79EFBC}") = "BigO.Security", "BigO.Security\BigO.Security.csproj", "{735ABE00-64A0-442F-937F-328FF930A752}"
EndProject
Global
	GlobalSection(SolutionConfigurationPlatforms) = preSolution
		Debug|Any CPU = Debug|Any CPU
		Release|Any CPU = Release|Any CPU
	EndGlobalSection
	GlobalSection(ProjectConfigurationPlatforms) = postSolution
		{735ABE00-64A0-442F-937F-328FF930A752}.Debug|Any CPU.ActiveCfg = Debug|Any CPU
		{735ABE00-64A0-442F-937F-328FF930A752}.Debug|Any CPU.Build.0 = Debug|Any CPU
		{735ABE00-64A0-442F-937F-328FF930A752}.Release|Any CPU.ActiveCfg = Release|Any CPU
		{735ABE00-64A0-442F-937F-328FF930A752}.Release|Any CPU.Build.0 = Release|Any CPU
	EndGlobalSection
	GlobalSection(SolutionProperties) = preSolution
		HideSolutionNode = FALSE
	EndGlobalSection
	GlobalSection(ExtensibilityGlobals) = postSolution
		SolutionGuid = {22147DE2-C6C9-44D1-9162-87E56FE2602A}
	EndGlobalSection
EndGlobal
